
Microsoft Visual Studio Solution File, Format Version 12.00
# Visual Studio Version 16
VisualStudioVersion = 16.0.28809.33
MinimumVisualStudioVersion = 10.0.40219.1
Project("{FAE04EC0-301F-11D3-BF4B-00C04F79EFBC}") = "TicketSystem.Server", "TicketSystem.Server\TicketSystem.Server.csproj", "{93DCE5AD-D85E-4B95-A6BA-0767D167B5B4}"
EndProject
Project("{FAE04EC0-301F-11D3-BF4B-00C04F79EFBC}") = "TicketSystem.Client", "TicketSystem.Client\TicketSystem.Client.csproj", "{C58CCAF9-A3DB-44E5-BA00-F7DEAADAB243}"
EndProject
Project("{FAE04EC0-301F-11D3-BF4B-00C04F79EFBC}") = "TicketSystem.Shared", "TicketSystem.Shared\TicketSystem.Shared.csproj", "{AC572F25-F97A-47D7-9636-0F0664717520}"
EndProject
Global
	GlobalSection(SolutionConfigurationPlatforms) = preSolution
		Debug|Any CPU = Debug|Any CPU
		Release|Any CPU = Release|Any CPU
	EndGlobalSection
	GlobalSection(ProjectConfigurationPlatforms) = postSolution
		{93DCE5AD-D85E-4B95-A6BA-0767D167B5B4}.Debug|Any CPU.ActiveCfg = Debug|Any CPU
		{93DCE5AD-D85E-4B95-A6BA-0767D167B5B4}.Debug|Any CPU.Build.0 = Debug|Any CPU
		{93DCE5AD-D85E-4B95-A6BA-0767D167B5B4}.Release|Any CPU.ActiveCfg = Release|Any CPU
		{93DCE5AD-D85E-4B95-A6BA-0767D167B5B4}.Release|Any CPU.Build.0 = Release|Any CPU
		{C58CCAF9-A3DB-44E5-BA00-F7DEAADAB243}.Debug|Any CPU.ActiveCfg = Debug|Any CPU
		{C58CCAF9-A3DB-44E5-BA00-F7DEAADAB243}.Debug|Any CPU.Build.0 = Debug|Any CPU
		{C58CCAF9-A3DB-44E5-BA00-F7DEAADAB243}.Release|Any CPU.ActiveCfg = Release|Any CPU
		{C58CCAF9-A3DB-44E5-BA00-F7DEAADAB243}.Release|Any CPU.Build.0 = Release|Any CPU
		{AC572F25-F97A-47D7-9636-0F0664717520}.Debug|Any CPU.ActiveCfg = Debug|Any CPU
		{AC572F25-F97A-47D7-9636-0F0664717520}.Debug|Any CPU.Build.0 = Debug|Any CPU
		{AC572F25-F97A-47D7-9636-0F0664717520}.Release|Any CPU.ActiveCfg = Release|Any CPU
		{AC572F25-F97A-47D7-9636-0F0664717520}.Release|Any CPU.Build.0 = Release|Any CPU
	EndGlobalSection
	GlobalSection(SolutionProperties) = preSolution
		HideSolutionNode = FALSE
	EndGlobalSection
	GlobalSection(ExtensibilityGlobals) = postSolution
		SolutionGuid = {3A724BB5-8795-493C-8FCA-B6F6A26244D9}
	EndGlobalSection
EndGlobal
